
Microsoft Visual Studio Solution File, Format Version 12.00
# Visual Studio Version 16
VisualStudioVersion = 16.0.31321.278
MinimumVisualStudioVersion = 10.0.40219.1
Project("{8BC9CEB8-8B4A-11D0-8D11-00A0C91BC942}") = "HelloWindow", "HelloWindow\HelloWindow.vcxproj", "{79A0E9C5-9EE3-4C37-A497-06BF2B2E00C3}"
EndProject
Project("{8BC9CEB8-8B4A-11D0-8D11-00A0C91BC942}") = "HelloTriangle", "HelloTriangle\HelloTriangle.vcxproj", "{B0E3AAE6-675C-41CA-A9A0-06BC8B852B86}"
EndProject
Project("{8BC9CEB8-8B4A-11D0-8D11-00A0C91BC942}") = "Shaders", "Shaders\Shaders.vcxproj", "{23A00373-4B43-4684-A110-324AD943E433}"
EndProject
Project("{8BC9CEB8-8B4A-11D0-8D11-00A0C91BC942}") = "Textures", "Textures\Textures.vcxproj", "{B7D6409A-318E-47AE-A55F-0E504300FE72}"
EndProject
Project("{8BC9CEB8-8B4A-11D0-8D11-00A0C91BC942}") = "Transformations", "Transformations\Transformations.vcxproj", "{54F63FED-CED6-47F1-8C90-863199742AC8}"
EndProject
Project("{2150E333-8FDC-42A3-9474-1A3956D46DE8}") = "Getting Started", "Getting Started", "{328CBFF3-776B-4645-ADA9-FA4CC223A3E8}"
EndProject
Project("{8BC9CEB8-8B4A-11D0-8D11-00A0C91BC942}") = "CoordinateSystems", "CoordinateSystems\CoordinateSystems.vcxproj", "{1712F293-E52D-4E6D-82BB-C347B2A6EB27}"
EndProject
Project("{8BC9CEB8-8B4A-11D0-8D11-00A0C91BC942}") = "Camera", "Camera\Camera.vcxproj", "{6C8A14C7-3B64-4571-8BA7-8E83E12E9DCD}"
EndProject
Project("{8BC9CEB8-8B4A-11D0-8D11-00A0C91BC942}") = "Colors", "Colors\Colors.vcxproj", "{A522BAC0-44F1-47C3-88D2-BA5576B7B59D}"
EndProject
Project("{2150E333-8FDC-42A3-9474-1A3956D46DE8}") = "Lighting", "Lighting", "{DB34A1CF-53D6-4250-8897-3941D6B9E916}"
EndProject
Project("{8BC9CEB8-8B4A-11D0-8D11-00A0C91BC942}") = "BasicLighting", "Basic Lighting\Basic Lighting.vcxproj", "{AF917A25-B4F0-48A0-A062-24C7166FC284}"
EndProject
Project("{8BC9CEB8-8B4A-11D0-8D11-00A0C91BC942}") = "Materials", "Materials\Materials.vcxproj", "{D7C1AA3C-DEE0-4D02-A21E-1D7616F310B5}"
EndProject
Project("{8BC9CEB8-8B4A-11D0-8D11-00A0C91BC942}") = "LightingMaps", "Lighting Maps\Lighting Maps.vcxproj", "{8FE648E1-0AF0-45DB-86B3-38C107059505}"
EndProject
Project("{8BC9CEB8-8B4A-11D0-8D11-00A0C91BC942}") = "LightCasters", "LightCasters\LightCasters.vcxproj", "{D32CBD15-0FA9-4801-A5CE-0D4151B39C7D}"
EndProject
Global
	GlobalSection(SolutionConfigurationPlatforms) = preSolution
		Debug|x64 = Debug|x64
		Debug|x86 = Debug|x86
		Release|x64 = Release|x64
		Release|x86 = Release|x86
	EndGlobalSection
	GlobalSection(ProjectConfigurationPlatforms) = postSolution
		{79A0E9C5-9EE3-4C37-A497-06BF2B2E00C3}.Debug|x64.ActiveCfg = Debug|x64
		{79A0E9C5-9EE3-4C37-A497-06BF2B2E00C3}.Debug|x64.Build.0 = Debug|x64
		{79A0E9C5-9EE3-4C37-A497-06BF2B2E00C3}.Debug|x86.ActiveCfg = Debug|x64
		{79A0E9C5-9EE3-4C37-A497-06BF2B2E00C3}.Release|x64.ActiveCfg = Release|x64
		{79A0E9C5-9EE3-4C37-A497-06BF2B2E00C3}.Release|x64.Build.0 = Release|x64
		{79A0E9C5-9EE3-4C37-A497-06BF2B2E00C3}.Release|x86.ActiveCfg = Release|x64
		{B0E3AAE6-675C-41CA-A9A0-06BC8B852B86}.Debug|x64.ActiveCfg = Debug|x64
		{B0E3AAE6-675C-41CA-A9A0-06BC8B852B86}.Debug|x64.Build.0 = Debug|x64
		{B0E3AAE6-675C-41CA-A9A0-06BC8B852B86}.Debug|x86.ActiveCfg = Debug|x64
		{B0E3AAE6-675C-41CA-A9A0-06BC8B852B86}.Release|x64.ActiveCfg = Release|x64
		{B0E3AAE6-675C-41CA-A9A0-06BC8B852B86}.Release|x64.Build.0 = Release|x64
		{B0E3AAE6-675C-41CA-A9A0-06BC8B852B86}.Release|x86.ActiveCfg = Release|x64
		{23A00373-4B43-4684-A110-324AD943E433}.Debug|x64.ActiveCfg = Debug|x64
		{23A00373-4B43-4684-A110-324AD943E433}.Debug|x64.Build.0 = Debug|x64
		{23A00373-4B43-4684-A110-324AD943E433}.Debug|x86.ActiveCfg = Debug|x64
		{23A00373-4B43-4684-A110-324AD943E433}.Release|x64.ActiveCfg = Release|x64
		{23A00373-4B43-4684-A110-324AD943E433}.Release|x64.Build.0 = Release|x64
		{23A00373-4B43-4684-A110-324AD943E433}.Release|x86.ActiveCfg = Release|x64
		{B7D6409A-318E-47AE-A55F-0E504300FE72}.Debug|x64.ActiveCfg = Debug|x64
		{B7D6409A-318E-47AE-A55F-0E504300FE72}.Debug|x64.Build.0 = Debug|x64
		{B7D6409A-318E-47AE-A55F-0E504300FE72}.Debug|x86.ActiveCfg = Debug|x64
		{B7D6409A-318E-47AE-A55F-0E504300FE72}.Release|x64.ActiveCfg = Release|x64
		{B7D6409A-318E-47AE-A55F-0E504300FE72}.Release|x64.Build.0 = Release|x64
		{B7D6409A-318E-47AE-A55F-0E504300FE72}.Release|x86.ActiveCfg = Release|x64
		{54F63FED-CED6-47F1-8C90-863199742AC8}.Debug|x64.ActiveCfg = Debug|x64
		{54F63FED-CED6-47F1-8C90-863199742AC8}.Debug|x64.Build.0 = Debug|x64
		{54F63FED-CED6-47F1-8C90-863199742AC8}.Debug|x86.ActiveCfg = Debug|x64
		{54F63FED-CED6-47F1-8C90-863199742AC8}.Release|x64.ActiveCfg = Release|x64
		{54F63FED-CED6-47F1-8C90-863199742AC8}.Release|x64.Build.0 = Release|x64
		{54F63FED-CED6-47F1-8C90-863199742AC8}.Release|x86.ActiveCfg = Release|x64
		{1712F293-E52D-4E6D-82BB-C347B2A6EB27}.Debug|x64.ActiveCfg = Debug|x64
		{1712F293-E52D-4E6D-82BB-C347B2A6EB27}.Debug|x64.Build.0 = Debug|x64
		{1712F293-E52D-4E6D-82BB-C347B2A6EB27}.Debug|x86.ActiveCfg = Debug|x64
		{1712F293-E52D-4E6D-82BB-C347B2A6EB27}.Release|x64.ActiveCfg = Release|x64
		{1712F293-E52D-4E6D-82BB-C347B2A6EB27}.Release|x64.Build.0 = Release|x64
		{1712F293-E52D-4E6D-82BB-C347B2A6EB27}.Release|x86.ActiveCfg = Release|x64
		{6C8A14C7-3B64-4571-8BA7-8E83E12E9DCD}.Debug|x64.ActiveCfg = Debug|x64
		{6C8A14C7-3B64-4571-8BA7-8E83E12E9DCD}.Debug|x64.Build.0 = Debug|x64
		{6C8A14C7-3B64-4571-8BA7-8E83E12E9DCD}.Debug|x86.ActiveCfg = Debug|x64
		{6C8A14C7-3B64-4571-8BA7-8E83E12E9DCD}.Release|x64.ActiveCfg = Release|x64
		{6C8A14C7-3B64-4571-8BA7-8E83E12E9DCD}.Release|x64.Build.0 = Release|x64
		{6C8A14C7-3B64-4571-8BA7-8E83E12E9DCD}.Release|x86.ActiveCfg = Release|x64
		{A522BAC0-44F1-47C3-88D2-BA5576B7B59D}.Debug|x64.ActiveCfg = Debug|x64
		{A522BAC0-44F1-47C3-88D2-BA5576B7B59D}.Debug|x64.Build.0 = Debug|x64
		{A522BAC0-44F1-47C3-88D2-BA5576B7B59D}.Debug|x86.ActiveCfg = Debug|x64
		{A522BAC0-44F1-47C3-88D2-BA5576B7B59D}.Release|x64.ActiveCfg = Release|x64
		{A522BAC0-44F1-47C3-88D2-BA5576B7B59D}.Release|x64.Build.0 = Release|x64
		{A522BAC0-44F1-47C3-88D2-BA5576B7B59D}.Release|x86.ActiveCfg = Release|x64
		{AF917A25-B4F0-48A0-A062-24C7166FC284}.Debug|x64.ActiveCfg = Debug|x64
		{AF917A25-B4F0-48A0-A062-24C7166FC284}.Debug|x64.Build.0 = Debug|x64
		{AF917A25-B4F0-48A0-A062-24C7166FC284}.Debug|x86.ActiveCfg = Debug|x64
		{AF917A25-B4F0-48A0-A062-24C7166FC284}.Release|x64.ActiveCfg = Release|x64
		{AF917A25-B4F0-48A0-A062-24C7166FC284}.Release|x64.Build.0 = Release|x64
		{AF917A25-B4F0-48A0-A062-24C7166FC284}.Release|x86.ActiveCfg = Release|x64
		{D7C1AA3C-DEE0-4D02-A21E-1D7616F310B5}.Debug|x64.ActiveCfg = Debug|x64
		{D7C1AA3C-DEE0-4D02-A21E-1D7616F310B5}.Debug|x64.Build.0 = Debug|x64
		{D7C1AA3C-DEE0-4D02-A21E-1D7616F310B5}.Debug|x86.ActiveCfg = Debug|x64
		{D7C1AA3C-DEE0-4D02-A21E-1D7616F310B5}.Release|x64.ActiveCfg = Release|x64
		{D7C1AA3C-DEE0-4D02-A21E-1D7616F310B5}.Release|x64.Build.0 = Release|x64
		{D7C1AA3C-DEE0-4D02-A21E-1D7616F310B5}.Release|x86.ActiveCfg = Release|x64
		{8FE648E1-0AF0-45DB-86B3-38C107059505}.Debug|x64.ActiveCfg = Debug|x64
		{8FE648E1-0AF0-45DB-86B3-38C107059505}.Debug|x64.Build.0 = Debug|x64
		{8FE648E1-0AF0-45DB-86B3-38C107059505}.Debug|x86.ActiveCfg = Debug|x64
		{8FE648E1-0AF0-45DB-86B3-38C107059505}.Release|x64.ActiveCfg = Release|x64
		{8FE648E1-0AF0-45DB-86B3-38C107059505}.Release|x64.Build.0 = Release|x64
		{8FE648E1-0AF0-45DB-86B3-38C107059505}.Release|x86.ActiveCfg = Release|x64
		{D32CBD15-0FA9-4801-A5CE-0D4151B39C7D}.Debug|x64.ActiveCfg = Debug|x64
		{D32CBD15-0FA9-4801-A5CE-0D4151B39C7D}.Debug|x64.Build.0 = Debug|x64
		{D32CBD15-0FA9-4801-A5CE-0D4151B39C7D}.Debug|x86.ActiveCfg = Debug|x64
		{D32CBD15-0FA9-4801-A5CE-0D4151B39C7D}.Release|x64.ActiveCfg = Release|x64
		{D32CBD15-0FA9-4801-A5CE-0D4151B39C7D}.Release|x64.Build.0 = Release|x64
		{D32CBD15-0FA9-4801-A5CE-0D4151B39C7D}.Release|x86.ActiveCfg = Release|x64
	EndGlobalSection
	GlobalSection(SolutionProperties) = preSolution
		HideSolutionNode = FALSE
	EndGlobalSection
	GlobalSection(NestedProjects) = preSolution
		{79A0E9C5-9EE3-4C37-A497-06BF2B2E00C3} = {328CBFF3-776B-4645-ADA9-FA4CC223A3E8}
		{B0E3AAE6-675C-41CA-A9A0-06BC8B852B86} = {328CBFF3-776B-4645-ADA9-FA4CC223A3E8}
		{23A00373-4B43-4684-A110-324AD943E433} = {328CBFF3-776B-4645-ADA9-FA4CC223A3E8}
		{B7D6409A-318E-47AE-A55F-0E504300FE72} = {328CBFF3-776B-4645-ADA9-FA4CC223A3E8}
		{54F63FED-CED6-47F1-8C90-863199742AC8} = {328CBFF3-776B-4645-ADA9-FA4CC223A3E8}
		{1712F293-E52D-4E6D-82BB-C347B2A6EB27} = {328CBFF3-776B-4645-ADA9-FA4CC223A3E8}
		{6C8A14C7-3B64-4571-8BA7-8E83E12E9DCD} = {328CBFF3-776B-4645-ADA9-FA4CC223A3E8}
		{A522BAC0-44F1-47C3-88D2-BA5576B7B59D} = {DB34A1CF-53D6-4250-8897-3941D6B9E916}
		{AF917A25-B4F0-48A0-A062-24C7166FC284} = {DB34A1CF-53D6-4250-8897-3941D6B9E916}
		{D7C1AA3C-DEE0-4D02-A21E-1D7616F310B5} = {DB34A1CF-53D6-4250-8897-3941D6B9E916}
		{8FE648E1-0AF0-45DB-86B3-38C107059505} = {DB34A1CF-53D6-4250-8897-3941D6B9E916}
		{D32CBD15-0FA9-4801-A5CE-0D4151B39C7D} = {DB34A1CF-53D6-4250-8897-3941D6B9E916}
	EndGlobalSection
	GlobalSection(ExtensibilityGlobals) = postSolution
		SolutionGuid = {F3E305A9-CB65-4AA6-BFDE-22CCCC98DB47}
	EndGlobalSection
EndGlobal
